// !$*UTF8*$!
{
	archiveVersion = 1;
	classes = {
	};
	objectVersion = 46;
	objects = {

/* Begin PBXBuildFile section */
		A189043E1E40A956006D632D /* main.m in Sources */ = {isa = PBXBuildFile; fileRef = A189043D1E40A956006D632D /* main.m */; };
		A18904411E40A956006D632D /* AppDelegate.m in Sources */ = {isa = PBXBuildFile; fileRef = A18904401E40A956006D632D /* AppDelegate.m */; };
		A18904441E40A956006D632D /* ViewController.m in Sources */ = {isa = PBXBuildFile; fileRef = A18904431E40A956006D632D /* ViewController.m */; };
		A18904471E40A956006D632D /* Main.storyboard in Resources */ = {isa = PBXBuildFile; fileRef = A18904451E40A956006D632D /* Main.storyboard */; };
		A18904491E40A956006D632D /* Assets.xcassets in Resources */ = {isa = PBXBuildFile; fileRef = A18904481E40A956006D632D /* Assets.xcassets */; };
		A189044C1E40A956006D632D /* LaunchScreen.storyboard in Resources */ = {isa = PBXBuildFile; fileRef = A189044A1E40A956006D632D /* LaunchScreen.storyboard */; };
/* End PBXBuildFile section */

/* Begin PBXFileReference section */
		A18904391E40A956006D632D /* OC与JS交互.app */ = {isa = PBXFileReference; explicitFileType = wrapper.application; includeInIndex = 0; path = "OC与JS交互.app"; sourceTree = BUILT_PRODUCTS_DIR; };
		A189043D1E40A956006D632D /* main.m */ = {isa = PBXFileReference; lastKnownFileType = sourcecode.c.objc; path = main.m; sourceTree = "<group>"; };
		A189043F1E40A956006D632D /* AppDelegate.h */ = {isa = PBXFileReference; lastKnownFileType = sourcecode.c.h; path = AppDelegate.h; sourceTree = "<group>"; };
		A18904401E40A956006D632D /* AppDelegate.m */ = {isa = PBXFileReference; lastKnownFileType = sourcecode.c.objc; path = AppDelegate.m; sourceTree = "<group>"; };
		A18904421E40A956006D632D /* ViewController.h */ = {isa = PBXFileReference; lastKnownFileType = sourcecode.c.h; path = ViewController.h; sourceTree = "<group>"; };
		A18904431E40A956006D632D /* ViewController.m */ = {isa = PBXFileReference; lastKnownFileType = sourcecode.c.objc; path = ViewController.m; sourceTree = "<group>"; };
		A18904461E40A956006D632D /* Base */ = {isa = PBXFileReference; lastKnownFileType = file.storyboard; name = Base; path = Base.lproj/Main.storyboard; sourceTree = "<group>"; };
		A18904481E40A956006D632D /* Assets.xcassets */ = {isa = PBXFileReference; lastKnownFileType = folder.assetcatalog; path = Assets.xcassets; sourceTree = "<group>"; };
		A189044B1E40A956006D632D /* Base */ = {isa = PBXFileReference; lastKnownFileType = file.storyboard; name = Base; path = Base.lproj/LaunchScreen.storyboard; sourceTree = "<group>"; };
		A189044D1E40A956006D632D /* Info.plist */ = {isa = PBXFileReference; lastKnownFileType = text.plist.xml; path = Info.plist; sourceTree = "<group>"; };
/* End PBXFileReference section */

/* Begin PBXFrameworksBuildPhase section */
		A18904361E40A956006D632D /* Frameworks */ = {
			isa = PBXFrameworksBuildPhase;
			buildActionMask = 2147483647;
			files = (
			);
			runOnlyForDeploymentPostprocessing = 0;
		};
/* End PBXFrameworksBuildPhase section */

/* Begin PBXGroup section */
		A18904301E40A956006D632D = {
			isa = PBXGroup;
			children = (
				A189043B1E40A956006D632D /* OC与JS交互 */,
				A189043A1E40A956006D632D /* Products */,
			);
			sourceTree = "<group>";
		};
		A189043A1E40A956006D632D /* Products */ = {
			isa = PBXGroup;
			children = (
				A18904391E40A956006D632D /* OC与JS交互.app */,
			);
			name = Products;
			sourceTree = "<group>";
		};
		A189043B1E40A956006D632D /* OC与JS交互 */ = {
			isa = PBXGroup;
			children = (
				A189043F1E40A956006D632D /* AppDelegate.h */,
				A18904401E40A956006D632D /* AppDelegate.m */,
				A18904421E40A956006D632D /* ViewController.h */,
				A18904431E40A956006D632D /* ViewController.m */,
				A18904451E40A956006D632D /* Main.storyboard */,
				A18904481E40A956006D632D /* Assets.xcassets */,
				A189044A1E40A956006D632D /* LaunchScreen.storyboard */,
				A189044D1E40A956006D632D /* Info.plist */,
				A189043C1E40A956006D632D /* Supporting Files */,
			);
			path = "OC与JS交互";
			sourceTree = "<group>";
		};
		A189043C1E40A956006D632D /* Supporting Files */ = {
			isa = PBXGroup;
			children = (
				A189043D1E40A956006D632D /* main.m */,
			);
			name = "Supporting Files";
			sourceTree = "<group>";
		};
/* End PBXGroup section */

/* Begin PBXNativeTarget section */
		A18904381E40A956006D632D /* OC与JS交互 */ = {
			isa = PBXNativeTarget;
			buildConfigurationList = A18904501E40A956006D632D /* Build configuration list for PBXNativeTarget "OC与JS交互" */;
			buildPhases = (
				A18904351E40A956006D632D /* Sources */,
				A18904361E40A956006D632D /* Frameworks */,
				A18904371E40A956006D632D /* Resources */,
			);
			buildRules = (
			);
			dependencies = (
			);
			name = "OC与JS交互";
			productName = "OC与JS交互";
			productReference = A18904391E40A956006D632D /* OC与JS交互.app */;
			productType = "com.apple.product-type.application";
		};
/* End PBXNativeTarget section */

/* Begin PBXProject section */
		A18904311E40A956006D632D /* Project object */ = {
			isa = PBXProject;
			attributes = {
				LastUpgradeCheck = 0720;
				ORGANIZATIONNAME = "Personal Project";
				TargetAttributes = {
					A18904381E40A956006D632D = {
						CreatedOnToolsVersion = 7.2.1;
						DevelopmentTeam = FE2487MHJB;
					};
				};
			};
			buildConfigurationList = A18904341E40A956006D632D /* Build configuration list for PBXProject "OC与JS交互" */;
			compatibilityVersion = "Xcode 3.2";
			developmentRegion = English;
			hasScannedForEncodings = 0;
			knownRegions = (
				en,
				Base,
			);
			mainGroup = A18904301E40A956006D632D;
			productRefGroup = A189043A1E40A956006D632D /* Products */;
			projectDirPath = "";
			projectRoot = "";
			targets = (
				A18904381E40A956006D632D /* OC与JS交互 */,
			);
		};
/* End PBXProject section */

/* Begin PBXResourcesBuildPhase section */
		A18904371E40A956006D632D /* Resources */ = {
			isa = PBXResourcesBuildPhase;
			buildActionMask = 2147483647;
			files = (
				A189044C1E40A956006D632D /* LaunchScreen.storyboard in Resources */,
				A18904491E40A956006D632D /* Assets.xcassets in Resources */,
				A18904471E40A956006D632D /* Main.storyboard in Resources */,
			);
			runOnlyForDeploymentPostprocessing = 0;
		};
/* End PBXResourcesBuildPhase section */

/* Begin PBXSourcesBuildPhase section */
		A18904351E40A956006D632D /* Sources */ = {
			isa = PBXSourcesBuildPhase;
			buildActionMask = 2147483647;
			files = (
				A18904441E40A956006D632D /* ViewController.m in Sources */,
				A18904411E40A956006D632D /* AppDelegate.m in Sources */,
				A189043E1E40A956006D632D /* main.m in Sources */,
			);
			runOnlyForDeploymentPostprocessing = 0;
		};
/* End PBXSourcesBuildPhase section */

/* Begin PBXVariantGroup section */
		A18904451E40A956006D632D /* Main.storyboard */ = {
			isa = PBXVariantGroup;
			children = (
				A18904461E40A956006D632D /* Base */,
			);
			name = Main.storyboard;
			sourceTree = "<group>";
		};
		A189044A1E40A956006D632D /* LaunchScreen.storyboard */ = {
			isa = PBXVariantGroup;
			children = (
				A189044B1E40A956006D632D /* Base */,
			);
			name = LaunchScreen.storyboard;
			sourceTree = "<group>";
		};
/* End PBXVariantGroup section */

/* Begin XCBuildConfiguration section */
		A189044E1E40A956006D632D /* Debug */ = {
			isa = XCBuildConfiguration;
			buildSettings = {
				ALWAYS_SEARCH_USER_PATHS = NO;
				CLANG_CXX_LANGUAGE_STANDARD = "gnu++0x";
				CLANG_CXX_LIBRARY = "libc++";
				CLANG_ENABLE_MODULES = YES;
				CLANG_ENABLE_OBJC_ARC = YES;
				CLANG_WARN_BOOL_CONVERSION = YES;
				CLANG_WARN_CONSTANT_CONVERSION = YES;
				CLANG_WARN_DIRECT_OBJC_ISA_USAGE = YES_ERROR;
				CLANG_WARN_EMPTY_BODY = YES;
				CLANG_WARN_ENUM_CONVERSION = YES;
				CLANG_WARN_INT_CONVERSION = YES;
				CLANG_WARN_OBJC_ROOT_CLASS = YES_ERROR;
				CLANG_WARN_UNREACHABLE_CODE = YES;
				CLANG_WARN__DUPLICATE_METHOD_MATCH = YES;
				"CODE_SIGN_IDENTITY[sdk=iphoneos*]" = "iPhone Developer";
				COPY_PHASE_STRIP = NO;
				DEBUG_INFORMATION_FORMAT = dwarf;
				ENABLE_STRICT_OBJC_MSGSEND = YES;
				ENABLE_TESTABILITY = YES;
				GCC_C_LANGUAGE_STANDARD = gnu99;
				GCC_DYNAMIC_NO_PIC = NO;
				GCC_NO_COMMON_BLOCKS = YES;
				GCC_OPTIMIZATION_LEVEL = 0;
				GCC_PREPROCESSOR_DEFINITIONS = (
					"DEBUG=1",
					"$(inherited)",
				);
				GCC_WARN_64_TO_32_BIT_CONVERSION = YES;
				GCC_WARN_ABOUT_RETURN_TYPE = YES_ERROR;
				GCC_WARN_UNDECLARED_SELECTOR = YES;
				GCC_WARN_UNINITIALIZED_AUTOS = YES_AGGRESSIVE;
				GCC_WARN_UNUSED_FUNCTION = YES;
				GCC_WARN_UNUSED_VARIABLE = YES;
				IPHONEOS_DEPLOYMENT_TARGET = 9.2;
				MTL_ENABLE_DEBUG_INFO = YES;
				ONLY_ACTIVE_ARCH = YES;
				SDKROOT = iphoneos;
			};
			name = Debug;
		};
		A189044F1E40A956006D632D /* Release */ = {
			isa = XCBuildConfiguration;
			buildSettings = {
				ALWAYS_SEARCH_USER_PATHS = NO;
				CLANG_CXX_LANGUAGE_STANDARD = "gnu++0x";
				CLANG_CXX_LIBRARY = "libc++";
				CLANG_ENABLE_MODULES = YES;
				CLANG_ENABLE_OBJC_ARC = YES;
				CLANG_WARN_BOOL_CONVERSION = YES;
				CLANG_WARN_CONSTANT_CONVERSION = YES;
				CLANG_WARN_DIRECT_OBJC_ISA_USAGE = YES_ERROR;
				CLANG_WARN_EMPTY_BODY = YES;
				CLANG_WARN_ENUM_CONVERSION = YES;
				CLANG_WARN_INT_CONVERSION = YES;
				CLANG_WARN_OBJC_ROOT_CLASS = YES_ERROR;
				CLANG_WARN_UNREACHABLE_CODE = YES;
				CLANG_WARN__DUPLICATE_METHOD_MATCH = YES;
				"CODE_SIGN_IDENTITY[sdk=iphoneos*]" = "iPhone Developer";
				COPY_PHASE_STRIP = NO;
				DEBUG_INFORMATION_FORMAT = "dwarf-with-dsym";
				ENABLE_NS_ASSERTIONS = NO;
				ENABLE_STRICT_OBJC_MSGSEND = YES;
				GCC_C_LANGUAGE_STANDARD = gnu99;
				GCC_NO_COMMON_BLOCKS = YES;
				GCC_WARN_64_TO_32_BIT_CONVERSION = YES;
				GCC_WARN_ABOUT_RETURN_TYPE = YES_ERROR;
				GCC_WARN_UNDECLARED_SELECTOR = YES;
				GCC_WARN_UNINITIALIZED_AUTOS = YES_AGGRESSIVE;
				GCC_WARN_UNUSED_FUNCTION = YES;
				GCC_WARN_UNUSED_VARIABLE = YES;
				IPHONEOS_DEPLOYMENT_TARGET = 9.2;
				MTL_ENABLE_DEBUG_INFO = NO;
				SDKROOT = iphoneos;
				VALIDATE_PRODUCT = YES;
			};
			name = Release;
		};
		A18904511E40A956006D632D /* Debug */ = {
			isa = XCBuildConfiguration;
			buildSettings = {
				ASSETCATALOG_COMPILER_APPICON_NAME = AppIcon;
				INFOPLIST_FILE = "OC与JS交互/Info.plist";
				LD_RUNPATH_SEARCH_PATHS = "$(inherited) @executable_path/Frameworks";
				PRODUCT_BUNDLE_IDENTIFIER = "com.ls.personal.OC-JS--";
				PRODUCT_NAME = "$(TARGET_NAME)";
			};
			name = Debug;
		};
		A18904521E40A956006D632D /* Release */ = {
			isa = XCBuildConfiguration;
			buildSettings = {
				ASSETCATALOG_COMPILER_APPICON_NAME = AppIcon;
				INFOPLIST_FILE = "OC与JS交互/Info.plist";
				LD_RUNPATH_SEARCH_PATHS = "$(inherited) @executable_path/Frameworks";
				PRODUCT_BUNDLE_IDENTIFIER = "com.ls.personal.OC-JS--";
				PRODUCT_NAME = "$(TARGET_NAME)";
			};
			name = Release;
		};
/* End XCBuildConfiguration section */

/* Begin XCConfigurationList section */
		A18904341E40A956006D632D /* Build configuration list for PBXProject "OC与JS交互" */ = {
			isa = XCConfigurationList;
			buildConfigurations = (
				A189044E1E40A956006D632D /* Debug */,
				A189044F1E40A956006D632D /* Release */,
			);
			defaultConfigurationIsVisible = 0;
			defaultConfigurationName = Release;
		};
		A18904501E40A956006D632D /* Build configuration list for PBXNativeTarget "OC与JS交互" */ = {
			isa = XCConfigurationList;
			buildConfigurations = (
				A18904511E40A956006D632D /* Debug */,
				A18904521E40A956006D632D /* Release */,
			);
			defaultConfigurationIsVisible = 0;
		};
/* End XCConfigurationList section */
	};
	rootObject = A18904311E40A956006D632D /* Project object */;
}
